
Microsoft Visual Studio Solution File, Format Version 12.00
# Visual Studio Version 17
VisualStudioVersion = 17.10.34607.79
MinimumVisualStudioVersion = 10.0.40219.1
Project("{9A19103F-16F7-4668-BE54-9A1E7A4F7556}") = "Bulkyweb", "Bulkyweb\Bulkyweb.csproj", "{7647D46F-526F-4BC7-B208-58779457BB7B}"
EndProject
Project("{FAE04EC0-301F-11D3-BF4B-00C04F79EFBC}") = "Bulky.DataAccess", "Bulky.DataAccess\Bulky.DataAccess.csproj", "{397599A9-6048-40EA-819B-21BA23DE7A3C}"
EndProject
Project("{FAE04EC0-301F-11D3-BF4B-00C04F79EFBC}") = "Bulky.Models", "Bulky.Models\Bulky.Models.csproj", "{CF8362AC-E48B-4069-916A-81621546083A}"
EndProject
Project("{FAE04EC0-301F-11D3-BF4B-00C04F79EFBC}") = "Bulky.Utility", "Bulky.Utility\Bulky.Utility.csproj", "{8EB65B22-B661-4081-A202-801BF4EAFEAD}"
EndProject
Global
	GlobalSection(SolutionConfigurationPlatforms) = preSolution
		Debug|Any CPU = Debug|Any CPU
		Release|Any CPU = Release|Any CPU
	EndGlobalSection
	GlobalSection(ProjectConfigurationPlatforms) = postSolution
		{7647D46F-526F-4BC7-B208-58779457BB7B}.Debug|Any CPU.ActiveCfg = Debug|Any CPU
		{7647D46F-526F-4BC7-B208-58779457BB7B}.Debug|Any CPU.Build.0 = Debug|Any CPU
		{7647D46F-526F-4BC7-B208-58779457BB7B}.Release|Any CPU.ActiveCfg = Release|Any CPU
		{7647D46F-526F-4BC7-B208-58779457BB7B}.Release|Any CPU.Build.0 = Release|Any CPU
		{397599A9-6048-40EA-819B-21BA23DE7A3C}.Debug|Any CPU.ActiveCfg = Debug|Any CPU
		{397599A9-6048-40EA-819B-21BA23DE7A3C}.Debug|Any CPU.Build.0 = Debug|Any CPU
		{397599A9-6048-40EA-819B-21BA23DE7A3C}.Release|Any CPU.ActiveCfg = Release|Any CPU
		{397599A9-6048-40EA-819B-21BA23DE7A3C}.Release|Any CPU.Build.0 = Release|Any CPU
		{CF8362AC-E48B-4069-916A-81621546083A}.Debug|Any CPU.ActiveCfg = Debug|Any CPU
		{CF8362AC-E48B-4069-916A-81621546083A}.Debug|Any CPU.Build.0 = Debug|Any CPU
		{CF8362AC-E48B-4069-916A-81621546083A}.Release|Any CPU.ActiveCfg = Release|Any CPU
		{CF8362AC-E48B-4069-916A-81621546083A}.Release|Any CPU.Build.0 = Release|Any CPU
		{8EB65B22-B661-4081-A202-801BF4EAFEAD}.Debug|Any CPU.ActiveCfg = Debug|Any CPU
		{8EB65B22-B661-4081-A202-801BF4EAFEAD}.Debug|Any CPU.Build.0 = Debug|Any CPU
		{8EB65B22-B661-4081-A202-801BF4EAFEAD}.Release|Any CPU.ActiveCfg = Release|Any CPU
		{8EB65B22-B661-4081-A202-801BF4EAFEAD}.Release|Any CPU.Build.0 = Release|Any CPU
	EndGlobalSection
	GlobalSection(SolutionProperties) = preSolution
		HideSolutionNode = FALSE
	EndGlobalSection
	GlobalSection(ExtensibilityGlobals) = postSolution
		SolutionGuid = {1DB6E7D9-E801-417D-BDF2-88C3964002B0}
	EndGlobalSection
EndGlobal
